
Microsoft Visual Studio Solution File, Format Version 12.00
# Visual Studio Version 17
VisualStudioVersion = 17.10.35027.167
MinimumVisualStudioVersion = 10.0.40219.1
Project("{FAE04EC0-301F-11D3-BF4B-00C04F79EFBC}") = "SessionService", "SessionService.csproj", "{DB00773E-5C48-4C1F-929D-6CBDD9BD3431}"
EndProject
Global
	GlobalSection(SolutionConfigurationPlatforms) = preSolution
		Debug|Any CPU = Debug|Any CPU
		Release|Any CPU = Release|Any CPU
	EndGlobalSection
	GlobalSection(ProjectConfigurationPlatforms) = postSolution
		{DB00773E-5C48-4C1F-929D-6CBDD9BD3431}.Debug|Any CPU.ActiveCfg = Debug|Any CPU
		{DB00773E-5C48-4C1F-929D-6CBDD9BD3431}.Debug|Any CPU.Build.0 = Debug|Any CPU
		{DB00773E-5C48-4C1F-929D-6CBDD9BD3431}.Release|Any CPU.ActiveCfg = Release|Any CPU
		{DB00773E-5C48-4C1F-929D-6CBDD9BD3431}.Release|Any CPU.Build.0 = Release|Any CPU
	EndGlobalSection
	GlobalSection(SolutionProperties) = preSolution
		HideSolutionNode = FALSE
	EndGlobalSection
	GlobalSection(ExtensibilityGlobals) = postSolution
		SolutionGuid = {89E6C152-2A12-465F-B486-249A8482B0D1}
	EndGlobalSection
EndGlobal
